
Microsoft Visual Studio Solution File, Format Version 12.00
# Visual Studio Version 16
VisualStudioVersion = 16.0.31911.196
MinimumVisualStudioVersion = 10.0.40219.1
Project("{FAE04EC0-301F-11D3-BF4B-00C04F79EFBC}") = "Modul1.Zadanie11", "Modul1.Zadanie11\Modul1.Zadanie11.csproj", "{829B0F68-D9FA-44FE-AC91-BBCB66A822EB}"
EndProject
Global
	GlobalSection(SolutionConfigurationPlatforms) = preSolution
		Debug|Any CPU = Debug|Any CPU
		Release|Any CPU = Release|Any CPU
	EndGlobalSection
	GlobalSection(ProjectConfigurationPlatforms) = postSolution
		{829B0F68-D9FA-44FE-AC91-BBCB66A822EB}.Debug|Any CPU.ActiveCfg = Debug|Any CPU
		{829B0F68-D9FA-44FE-AC91-BBCB66A822EB}.Debug|Any CPU.Build.0 = Debug|Any CPU
		{829B0F68-D9FA-44FE-AC91-BBCB66A822EB}.Release|Any CPU.ActiveCfg = Release|Any CPU
		{829B0F68-D9FA-44FE-AC91-BBCB66A822EB}.Release|Any CPU.Build.0 = Release|Any CPU
	EndGlobalSection
	GlobalSection(SolutionProperties) = preSolution
		HideSolutionNode = FALSE
	EndGlobalSection
	GlobalSection(ExtensibilityGlobals) = postSolution
		SolutionGuid = {97A63520-678A-4737-B441-ED1D2232E0CA}
	EndGlobalSection
EndGlobal
